
Microsoft Visual Studio Solution File, Format Version 12.00
# Visual Studio Version 16
VisualStudioVersion = 16.0.31112.23
MinimumVisualStudioVersion = 10.0.40219.1
Project("{8BC9CEB8-8B4A-11D0-8D11-00A0C91BC942}") = "CDA3101 Cache Simulation", "CDA3101 Cache Simulation\CDA3101 Cache Simulation.vcxproj", "{642D36FD-EACA-42A3-BCBD-693F09C4D7CC}"
EndProject
Global
	GlobalSection(SolutionConfigurationPlatforms) = preSolution
		Debug|x64 = Debug|x64
		Debug|x86 = Debug|x86
		Release|x64 = Release|x64
		Release|x86 = Release|x86
	EndGlobalSection
	GlobalSection(ProjectConfigurationPlatforms) = postSolution
		{642D36FD-EACA-42A3-BCBD-693F09C4D7CC}.Debug|x64.ActiveCfg = Debug|x64
		{642D36FD-EACA-42A3-BCBD-693F09C4D7CC}.Debug|x64.Build.0 = Debug|x64
		{642D36FD-EACA-42A3-BCBD-693F09C4D7CC}.Debug|x86.ActiveCfg = Debug|Win32
		{642D36FD-EACA-42A3-BCBD-693F09C4D7CC}.Debug|x86.Build.0 = Debug|Win32
		{642D36FD-EACA-42A3-BCBD-693F09C4D7CC}.Release|x64.ActiveCfg = Release|x64
		{642D36FD-EACA-42A3-BCBD-693F09C4D7CC}.Release|x64.Build.0 = Release|x64
		{642D36FD-EACA-42A3-BCBD-693F09C4D7CC}.Release|x86.ActiveCfg = Release|Win32
		{642D36FD-EACA-42A3-BCBD-693F09C4D7CC}.Release|x86.Build.0 = Release|Win32
	EndGlobalSection
	GlobalSection(SolutionProperties) = preSolution
		HideSolutionNode = FALSE
	EndGlobalSection
	GlobalSection(ExtensibilityGlobals) = postSolution
		SolutionGuid = {1CBA66DC-EE3A-4B63-97C9-57F5618CB001}
	EndGlobalSection
EndGlobal
